
Microsoft Visual Studio Solution File, Format Version 12.00
# Visual Studio Version 16
VisualStudioVersion = 16.0.32002.261
MinimumVisualStudioVersion = 10.0.40219.1
Project("{FAE04EC0-301F-11D3-BF4B-00C04F79EFBC}") = "CSharp-OperadoresRelacionais-IF-ELSE-SWTICH-CASE", "CSharp-OperadoresRelacionais-IF-ELSE-SWTICH-CASE\CSharp-OperadoresRelacionais-IF-ELSE-SWTICH-CASE.csproj", "{00F27F1A-F6B7-4C29-9815-5CEBBC4270E6}"
EndProject
Global
	GlobalSection(SolutionConfigurationPlatforms) = preSolution
		Debug|Any CPU = Debug|Any CPU
		Release|Any CPU = Release|Any CPU
	EndGlobalSection
	GlobalSection(ProjectConfigurationPlatforms) = postSolution
		{00F27F1A-F6B7-4C29-9815-5CEBBC4270E6}.Debug|Any CPU.ActiveCfg = Debug|Any CPU
		{00F27F1A-F6B7-4C29-9815-5CEBBC4270E6}.Debug|Any CPU.Build.0 = Debug|Any CPU
		{00F27F1A-F6B7-4C29-9815-5CEBBC4270E6}.Release|Any CPU.ActiveCfg = Release|Any CPU
		{00F27F1A-F6B7-4C29-9815-5CEBBC4270E6}.Release|Any CPU.Build.0 = Release|Any CPU
	EndGlobalSection
	GlobalSection(SolutionProperties) = preSolution
		HideSolutionNode = FALSE
	EndGlobalSection
	GlobalSection(ExtensibilityGlobals) = postSolution
		SolutionGuid = {0680A534-86AD-4484-9E3E-67A94619A955}
	EndGlobalSection
EndGlobal
